// !$*UTF8*$!
{
	archiveVersion = 1;
	classes = {
	};
	objectVersion = 50;
	objects = {

/* Begin PBXBuildFile section */
		9780EF9D80F54A3EA4F49004 /* Pods_kdRemedioTests.framework in Frameworks */ = {isa = PBXBuildFile; fileRef = 720152D7F3435B90B3664E65 /* Pods_kdRemedioTests.framework */; };
		D3F01FDFDCEE9E496E1F8FCA /* Pods_kdRemedio.framework in Frameworks */ = {isa = PBXBuildFile; fileRef = 964AA3AD3297EB86FA193050 /* Pods_kdRemedio.framework */; };
		FD1E5291218E454C009091D9 /* ReservationPresenter.swift in Sources */ = {isa = PBXBuildFile; fileRef = FD1E5290218E454C009091D9 /* ReservationPresenter.swift */; };
		FD1E5298218E5BD8009091D9 /* HistoricTableViewController.swift in Sources */ = {isa = PBXBuildFile; fileRef = FD1E5297218E5BD8009091D9 /* HistoricTableViewController.swift */; };
		FD1E529A218E5D44009091D9 /* HistoricPresenter.swift in Sources */ = {isa = PBXBuildFile; fileRef = FD1E5299218E5D44009091D9 /* HistoricPresenter.swift */; };
		FD1E52A2218E6147009091D9 /* HomeMapViewController.swift in Sources */ = {isa = PBXBuildFile; fileRef = FD1E529E218E6147009091D9 /* HomeMapViewController.swift */; };
		FD1E52A3218E6147009091D9 /* HomeMapViewController+MKMapViewDelegate.swift in Sources */ = {isa = PBXBuildFile; fileRef = FD1E529F218E6147009091D9 /* HomeMapViewController+MKMapViewDelegate.swift */; };
		FD1E52A4218E6147009091D9 /* HomeMapViewPresenter.swift in Sources */ = {isa = PBXBuildFile; fileRef = FD1E52A0218E6147009091D9 /* HomeMapViewPresenter.swift */; };
		FD1E52A5218E6147009091D9 /* HomeMapViewController+HomeMapViewPresentable.swift in Sources */ = {isa = PBXBuildFile; fileRef = FD1E52A1218E6147009091D9 /* HomeMapViewController+HomeMapViewPresentable.swift */; };
		FD274B7C215DB1210086D96E /* R.generated.swift in Sources */ = {isa = PBXBuildFile; fileRef = FD274B7B215DB1210086D96E /* R.generated.swift */; };
		FD341DB32157D37600FEA928 /* UBSSelectionTableViewController.swift in Sources */ = {isa = PBXBuildFile; fileRef = FD341DB22157D37600FEA928 /* UBSSelectionTableViewController.swift */; };
		FD341DB52157DC9100FEA928 /* UBSAnnotation.swift in Sources */ = {isa = PBXBuildFile; fileRef = FD341DB42157DC9100FEA928 /* UBSAnnotation.swift */; };
		FD48055E215EF89E0062D0C8 /* .swiftlint.yml in Resources */ = {isa = PBXBuildFile; fileRef = FD48055D215EF89E0062D0C8 /* .swiftlint.yml */; };
		FDA7E8552159C18100BBA355 /* ReservationViewController.swift in Sources */ = {isa = PBXBuildFile; fileRef = FDA7E8542159C18100BBA355 /* ReservationViewController.swift */; };
		FDAB6186214B2FD300A1C01A /* AppDelegate.swift in Sources */ = {isa = PBXBuildFile; fileRef = FDAB6185214B2FD300A1C01A /* AppDelegate.swift */; };
		FDAB618B214B2FD300A1C01A /* Main.storyboard in Resources */ = {isa = PBXBuildFile; fileRef = FDAB6189214B2FD300A1C01A /* Main.storyboard */; };
		FDAB618D214B2FD500A1C01A /* Assets.xcassets in Resources */ = {isa = PBXBuildFile; fileRef = FDAB618C214B2FD500A1C01A /* Assets.xcassets */; };
		FDAB6190214B2FD500A1C01A /* LaunchScreen.storyboard in Resources */ = {isa = PBXBuildFile; fileRef = FDAB618E214B2FD500A1C01A /* LaunchScreen.storyboard */; };
		FDAB619B214B2FD500A1C01A /* kdRemedioTests.swift in Sources */ = {isa = PBXBuildFile; fileRef = FDAB619A214B2FD500A1C01A /* kdRemedioTests.swift */; };
		FDAB61A6214B313400A1C01A /* MedicineSearchTableViewController.swift in Sources */ = {isa = PBXBuildFile; fileRef = FDAB61A5214B313400A1C01A /* MedicineSearchTableViewController.swift */; };
		FDAB61A8214B32AA00A1C01A /* Colors.xcassets in Resources */ = {isa = PBXBuildFile; fileRef = FDAB61A7214B32AA00A1C01A /* Colors.xcassets */; };
		FDAB61AA214B3A4F00A1C01A /* json.swift in Sources */ = {isa = PBXBuildFile; fileRef = FDAB61A9214B3A4F00A1C01A /* json.swift */; };
		FDAB61B2214B3AA200A1C01A /* UBS.swift in Sources */ = {isa = PBXBuildFile; fileRef = FDAB61AC214B3AA100A1C01A /* UBS.swift */; };
		FDAB61B3214B3AA200A1C01A /* Coordinate.swift in Sources */ = {isa = PBXBuildFile; fileRef = FDAB61AD214B3AA100A1C01A /* Coordinate.swift */; };
		FDAB61B4214B3AA200A1C01A /* Medicine.swift in Sources */ = {isa = PBXBuildFile; fileRef = FDAB61AE214B3AA100A1C01A /* Medicine.swift */; };
		FDAB61B5214B3AA200A1C01A /* Links.swift in Sources */ = {isa = PBXBuildFile; fileRef = FDAB61AF214B3AA200A1C01A /* Links.swift */; };
		FDAB61B6214B3AA200A1C01A /* UBSList.swift in Sources */ = {isa = PBXBuildFile; fileRef = FDAB61B0214B3AA200A1C01A /* UBSList.swift */; };
		FDAB61B7214B3AA200A1C01A /* Link.swift in Sources */ = {isa = PBXBuildFile; fileRef = FDAB61B1214B3AA200A1C01A /* Link.swift */; };
		FDAB61B9214B444100A1C01A /* UBSManager.swift in Sources */ = {isa = PBXBuildFile; fileRef = FDAB61B8214B444100A1C01A /* UBSManager.swift */; };
		FDAB61BB214B45B700A1C01A /* UBSSelectionCell.swift in Sources */ = {isa = PBXBuildFile; fileRef = FDAB61BA214B45B700A1C01A /* UBSSelectionCell.swift */; };
		FDAB61BD214EB94800A1C01A /* UBSMedicineSelectionTableViewController.swift in Sources */ = {isa = PBXBuildFile; fileRef = FDAB61BC214EB94800A1C01A /* UBSMedicineSelectionTableViewController.swift */; };
		FDB51A43215318D50083A6EA /* UbsMedicine.swift in Sources */ = {isa = PBXBuildFile; fileRef = FDB51A42215318D50083A6EA /* UbsMedicine.swift */; };
		FDB51A49215326C60083A6EA /* LoadingViewController.swift in Sources */ = {isa = PBXBuildFile; fileRef = FDB51A48215326C60083A6EA /* LoadingViewController.swift */; };
		FDB51A4B215327A30083A6EA /* healthtap_spinner.json in Resources */ = {isa = PBXBuildFile; fileRef = FDB51A4A215327A30083A6EA /* healthtap_spinner.json */; };
		FDD99258218E6631004B7FF3 /* Historic.swift in Sources */ = {isa = PBXBuildFile; fileRef = FDD99257218E6631004B7FF3 /* Historic.swift */; };
		FDD9925A218E6B63004B7FF3 /* HistoricTableViewController+HistoricPresentable.swift in Sources */ = {isa = PBXBuildFile; fileRef = FDD99259218E6B63004B7FF3 /* HistoricTableViewController+HistoricPresentable.swift */; };
		FDD9925C2190E091004B7FF3 /* PersonalDocumentManager.swift in Sources */ = {isa = PBXBuildFile; fileRef = FDD9925B2190E091004B7FF3 /* PersonalDocumentManager.swift */; };
		FDF6C88F21545F74004A5D64 /* Notification.swift in Sources */ = {isa = PBXBuildFile; fileRef = FDF6C88E21545F74004A5D64 /* Notification.swift */; };
		FDF6C89321546AC5004A5D64 /* APIClient.swift in Sources */ = {isa = PBXBuildFile; fileRef = FDF6C89221546AC5004A5D64 /* APIClient.swift */; };
/* End PBXBuildFile section */

/* Begin PBXContainerItemProxy section */
		FDAB6197214B2FD500A1C01A /* PBXContainerItemProxy */ = {
			isa = PBXContainerItemProxy;
			containerPortal = FDAB617A214B2FD300A1C01A /* Project object */;
			proxyType = 1;
			remoteGlobalIDString = FDAB6181214B2FD300A1C01A;
			remoteInfo = kdRemedio;
		};
/* End PBXContainerItemProxy section */

/* Begin PBXFileReference section */
		42B3A9E1D5078771ED4D794D /* Pods-kdRemedio.debug.xcconfig */ = {isa = PBXFileReference; includeInIndex = 1; lastKnownFileType = text.xcconfig; name = "Pods-kdRemedio.debug.xcconfig"; path = "Pods/Target Support Files/Pods-kdRemedio/Pods-kdRemedio.debug.xcconfig"; sourceTree = "<group>"; };
		5267B2EDBB645B111B7016C7 /* Pods-kdRemedioTests.debug.xcconfig */ = {isa = PBXFileReference; includeInIndex = 1; lastKnownFileType = text.xcconfig; name = "Pods-kdRemedioTests.debug.xcconfig"; path = "Pods/Target Support Files/Pods-kdRemedioTests/Pods-kdRemedioTests.debug.xcconfig"; sourceTree = "<group>"; };
		720152D7F3435B90B3664E65 /* Pods_kdRemedioTests.framework */ = {isa = PBXFileReference; explicitFileType = wrapper.framework; includeInIndex = 0; path = Pods_kdRemedioTests.framework; sourceTree = BUILT_PRODUCTS_DIR; };
		964AA3AD3297EB86FA193050 /* Pods_kdRemedio.framework */ = {isa = PBXFileReference; explicitFileType = wrapper.framework; includeInIndex = 0; path = Pods_kdRemedio.framework; sourceTree = BUILT_PRODUCTS_DIR; };
		EFCF7D6D320631B5659AFDED /* Pods-kdRemedio.release.xcconfig */ = {isa = PBXFileReference; includeInIndex = 1; lastKnownFileType = text.xcconfig; name = "Pods-kdRemedio.release.xcconfig"; path = "Pods/Target Support Files/Pods-kdRemedio/Pods-kdRemedio.release.xcconfig"; sourceTree = "<group>"; };
		FD1E5290218E454C009091D9 /* ReservationPresenter.swift */ = {isa = PBXFileReference; lastKnownFileType = sourcecode.swift; path = ReservationPresenter.swift; sourceTree = "<group>"; };
		FD1E5297218E5BD8009091D9 /* HistoricTableViewController.swift */ = {isa = PBXFileReference; lastKnownFileType = sourcecode.swift; path = HistoricTableViewController.swift; sourceTree = "<group>"; };
		FD1E5299218E5D44009091D9 /* HistoricPresenter.swift */ = {isa = PBXFileReference; lastKnownFileType = sourcecode.swift; path = HistoricPresenter.swift; sourceTree = "<group>"; };
		FD1E529E218E6147009091D9 /* HomeMapViewController.swift */ = {isa = PBXFileReference; fileEncoding = 4; lastKnownFileType = sourcecode.swift; path = HomeMapViewController.swift; sourceTree = "<group>"; };
		FD1E529F218E6147009091D9 /* HomeMapViewController+MKMapViewDelegate.swift */ = {isa = PBXFileReference; fileEncoding = 4; lastKnownFileType = sourcecode.swift; path = "HomeMapViewController+MKMapViewDelegate.swift"; sourceTree = "<group>"; };
		FD1E52A0218E6147009091D9 /* HomeMapViewPresenter.swift */ = {isa = PBXFileReference; fileEncoding = 4; lastKnownFileType = sourcecode.swift; path = HomeMapViewPresenter.swift; sourceTree = "<group>"; };
		FD1E52A1218E6147009091D9 /* HomeMapViewController+HomeMapViewPresentable.swift */ = {isa = PBXFileReference; fileEncoding = 4; lastKnownFileType = sourcecode.swift; path = "HomeMapViewController+HomeMapViewPresentable.swift"; sourceTree = "<group>"; };
		FD274B7B215DB1210086D96E /* R.generated.swift */ = {isa = PBXFileReference; fileEncoding = 4; lastKnownFileType = sourcecode.swift; path = R.generated.swift; sourceTree = SOURCE_ROOT; };
		FD341DB22157D37600FEA928 /* UBSSelectionTableViewController.swift */ = {isa = PBXFileReference; lastKnownFileType = sourcecode.swift; path = UBSSelectionTableViewController.swift; sourceTree = "<group>"; };
		FD341DB42157DC9100FEA928 /* UBSAnnotation.swift */ = {isa = PBXFileReference; lastKnownFileType = sourcecode.swift; path = UBSAnnotation.swift; sourceTree = "<group>"; };
		FD48055D215EF89E0062D0C8 /* .swiftlint.yml */ = {isa = PBXFileReference; lastKnownFileType = text; path = .swiftlint.yml; sourceTree = "<group>"; };
		FDA7E8542159C18100BBA355 /* ReservationViewController.swift */ = {isa = PBXFileReference; lastKnownFileType = sourcecode.swift; path = ReservationViewController.swift; sourceTree = "<group>"; };
		FDAB6182214B2FD300A1C01A /* kdRemedio.app */ = {isa = PBXFileReference; explicitFileType = wrapper.application; includeInIndex = 0; path = kdRemedio.app; sourceTree = BUILT_PRODUCTS_DIR; };
		FDAB6185214B2FD300A1C01A /* AppDelegate.swift */ = {isa = PBXFileReference; lastKnownFileType = sourcecode.swift; path = AppDelegate.swift; sourceTree = "<group>"; };
		FDAB618A214B2FD300A1C01A /* Base */ = {isa = PBXFileReference; lastKnownFileType = file.storyboard; name = Base; path = Base.lproj/Main.storyboard; sourceTree = "<group>"; };
		FDAB618C214B2FD500A1C01A /* Assets.xcassets */ = {isa = PBXFileReference; lastKnownFileType = folder.assetcatalog; path = Assets.xcassets; sourceTree = "<group>"; };
		FDAB618F214B2FD500A1C01A /* Base */ = {isa = PBXFileReference; lastKnownFileType = file.storyboard; name = Base; path = Base.lproj/LaunchScreen.storyboard; sourceTree = "<group>"; };
		FDAB6191214B2FD500A1C01A /* Info.plist */ = {isa = PBXFileReference; lastKnownFileType = text.plist.xml; path = Info.plist; sourceTree = "<group>"; };
		FDAB6196214B2FD500A1C01A /* kdRemedioTests.xctest */ = {isa = PBXFileReference; explicitFileType = wrapper.cfbundle; includeInIndex = 0; path = kdRemedioTests.xctest; sourceTree = BUILT_PRODUCTS_DIR; };
		FDAB619A214B2FD500A1C01A /* kdRemedioTests.swift */ = {isa = PBXFileReference; lastKnownFileType = sourcecode.swift; path = kdRemedioTests.swift; sourceTree = "<group>"; };
		FDAB619C214B2FD500A1C01A /* Info.plist */ = {isa = PBXFileReference; lastKnownFileType = text.plist.xml; path = Info.plist; sourceTree = "<group>"; };
		FDAB61A5214B313400A1C01A /* MedicineSearchTableViewController.swift */ = {isa = PBXFileReference; lastKnownFileType = sourcecode.swift; path = MedicineSearchTableViewController.swift; sourceTree = "<group>"; };
		FDAB61A7214B32AA00A1C01A /* Colors.xcassets */ = {isa = PBXFileReference; lastKnownFileType = folder.assetcatalog; path = Colors.xcassets; sourceTree = "<group>"; };
		FDAB61A9214B3A4F00A1C01A /* json.swift */ = {isa = PBXFileReference; lastKnownFileType = sourcecode.swift; path = json.swift; sourceTree = "<group>"; };
		FDAB61AC214B3AA100A1C01A /* UBS.swift */ = {isa = PBXFileReference; fileEncoding = 4; lastKnownFileType = sourcecode.swift; path = UBS.swift; sourceTree = "<group>"; };
		FDAB61AD214B3AA100A1C01A /* Coordinate.swift */ = {isa = PBXFileReference; fileEncoding = 4; lastKnownFileType = sourcecode.swift; path = Coordinate.swift; sourceTree = "<group>"; };
		FDAB61AE214B3AA100A1C01A /* Medicine.swift */ = {isa = PBXFileReference; fileEncoding = 4; lastKnownFileType = sourcecode.swift; path = Medicine.swift; sourceTree = "<group>"; };
		FDAB61AF214B3AA200A1C01A /* Links.swift */ = {isa = PBXFileReference; fileEncoding = 4; lastKnownFileType = sourcecode.swift; path = Links.swift; sourceTree = "<group>"; };
		FDAB61B0214B3AA200A1C01A /* UBSList.swift */ = {isa = PBXFileReference; fileEncoding = 4; lastKnownFileType = sourcecode.swift; path = UBSList.swift; sourceTree = "<group>"; };
		FDAB61B1214B3AA200A1C01A /* Link.swift */ = {isa = PBXFileReference; fileEncoding = 4; lastKnownFileType = sourcecode.swift; path = Link.swift; sourceTree = "<group>"; };
		FDAB61B8214B444100A1C01A /* UBSManager.swift */ = {isa = PBXFileReference; lastKnownFileType = sourcecode.swift; path = UBSManager.swift; sourceTree = "<group>"; };
		FDAB61BA214B45B700A1C01A /* UBSSelectionCell.swift */ = {isa = PBXFileReference; lastKnownFileType = sourcecode.swift; path = UBSSelectionCell.swift; sourceTree = "<group>"; };
		FDAB61BC214EB94800A1C01A /* UBSMedicineSelectionTableViewController.swift */ = {isa = PBXFileReference; lastKnownFileType = sourcecode.swift; path = UBSMedicineSelectionTableViewController.swift; sourceTree = "<group>"; };
		FDB51A42215318D50083A6EA /* UbsMedicine.swift */ = {isa = PBXFileReference; lastKnownFileType = sourcecode.swift; path = UbsMedicine.swift; sourceTree = "<group>"; };
		FDB51A48215326C60083A6EA /* LoadingViewController.swift */ = {isa = PBXFileReference; lastKnownFileType = sourcecode.swift; path = LoadingViewController.swift; sourceTree = "<group>"; };
		FDB51A4A215327A30083A6EA /* healthtap_spinner.json */ = {isa = PBXFileReference; fileEncoding = 4; lastKnownFileType = text.json; path = healthtap_spinner.json; sourceTree = "<group>"; };
		FDD99257218E6631004B7FF3 /* Historic.swift */ = {isa = PBXFileReference; lastKnownFileType = sourcecode.swift; path = Historic.swift; sourceTree = "<group>"; };
		FDD99259218E6B63004B7FF3 /* HistoricTableViewController+HistoricPresentable.swift */ = {isa = PBXFileReference; lastKnownFileType = sourcecode.swift; path = "HistoricTableViewController+HistoricPresentable.swift"; sourceTree = "<group>"; };
		FDD9925B2190E091004B7FF3 /* PersonalDocumentManager.swift */ = {isa = PBXFileReference; lastKnownFileType = sourcecode.swift; path = PersonalDocumentManager.swift; sourceTree = "<group>"; };
		FDF6C88E21545F74004A5D64 /* Notification.swift */ = {isa = PBXFileReference; lastKnownFileType = sourcecode.swift; path = Notification.swift; sourceTree = "<group>"; };
		FDF6C89221546AC5004A5D64 /* APIClient.swift */ = {isa = PBXFileReference; lastKnownFileType = sourcecode.swift; path = APIClient.swift; sourceTree = "<group>"; };
		FE6B737F7A2DD56878F77E93 /* Pods-kdRemedioTests.release.xcconfig */ = {isa = PBXFileReference; includeInIndex = 1; lastKnownFileType = text.xcconfig; name = "Pods-kdRemedioTests.release.xcconfig"; path = "Pods/Target Support Files/Pods-kdRemedioTests/Pods-kdRemedioTests.release.xcconfig"; sourceTree = "<group>"; };
/* End PBXFileReference section */

/* Begin PBXFrameworksBuildPhase section */
		FDAB617F214B2FD300A1C01A /* Frameworks */ = {
			isa = PBXFrameworksBuildPhase;
			buildActionMask = 2147483647;
			files = (
				D3F01FDFDCEE9E496E1F8FCA /* Pods_kdRemedio.framework in Frameworks */,
			);
			runOnlyForDeploymentPostprocessing = 0;
		};
		FDAB6193214B2FD500A1C01A /* Frameworks */ = {
			isa = PBXFrameworksBuildPhase;
			buildActionMask = 2147483647;
			files = (
				9780EF9D80F54A3EA4F49004 /* Pods_kdRemedioTests.framework in Frameworks */,
			);
			runOnlyForDeploymentPostprocessing = 0;
		};
/* End PBXFrameworksBuildPhase section */

/* Begin PBXGroup section */
		22FDCA91E7AC69213567F14A /* Pods */ = {
			isa = PBXGroup;
			children = (
				42B3A9E1D5078771ED4D794D /* Pods-kdRemedio.debug.xcconfig */,
				EFCF7D6D320631B5659AFDED /* Pods-kdRemedio.release.xcconfig */,
				5267B2EDBB645B111B7016C7 /* Pods-kdRemedioTests.debug.xcconfig */,
				FE6B737F7A2DD56878F77E93 /* Pods-kdRemedioTests.release.xcconfig */,
			);
			name = Pods;
			sourceTree = "<group>";
		};
		883B26618D6AD4095A040DA6 /* Frameworks */ = {
			isa = PBXGroup;
			children = (
				964AA3AD3297EB86FA193050 /* Pods_kdRemedio.framework */,
				720152D7F3435B90B3664E65 /* Pods_kdRemedioTests.framework */,
			);
			name = Frameworks;
			sourceTree = "<group>";
		};
		FD1E528F218E44F1009091D9 /* Reservation */ = {
			isa = PBXGroup;
			children = (
				FDA7E8542159C18100BBA355 /* ReservationViewController.swift */,
				FD1E5290218E454C009091D9 /* ReservationPresenter.swift */,
			);
			path = Reservation;
			sourceTree = "<group>";
		};
		FD1E5296218E5B9B009091D9 /* Historic */ = {
			isa = PBXGroup;
			children = (
				FD1E5297218E5BD8009091D9 /* HistoricTableViewController.swift */,
				FDD99259218E6B63004B7FF3 /* HistoricTableViewController+HistoricPresentable.swift */,
				FD1E5299218E5D44009091D9 /* HistoricPresenter.swift */,
			);
			path = Historic;
			sourceTree = "<group>";
		};
		FD1E529D218E6147009091D9 /* Home */ = {
			isa = PBXGroup;
			children = (
				FD1E529E218E6147009091D9 /* HomeMapViewController.swift */,
				FD1E529F218E6147009091D9 /* HomeMapViewController+MKMapViewDelegate.swift */,
				FD1E52A1218E6147009091D9 /* HomeMapViewController+HomeMapViewPresentable.swift */,
				FD1E52A0218E6147009091D9 /* HomeMapViewPresenter.swift */,
			);
			path = Home;
			sourceTree = "<group>";
		};
		FDAB6179214B2FD300A1C01A = {
			isa = PBXGroup;
			children = (
				FDAB6184214B2FD300A1C01A /* kdRemedio */,
				FDAB6199214B2FD500A1C01A /* kdRemedioTests */,
				FDAB6183214B2FD300A1C01A /* Products */,
				22FDCA91E7AC69213567F14A /* Pods */,
				883B26618D6AD4095A040DA6 /* Frameworks */,
			);
			sourceTree = "<group>";
		};
		FDAB6183214B2FD300A1C01A /* Products */ = {
			isa = PBXGroup;
			children = (
				FDAB6182214B2FD300A1C01A /* kdRemedio.app */,
				FDAB6196214B2FD500A1C01A /* kdRemedioTests.xctest */,
			);
			name = Products;
			sourceTree = "<group>";
		};
		FDAB6184214B2FD300A1C01A /* kdRemedio */ = {
			isa = PBXGroup;
			children = (
				FDB51A4421531EE10083A6EA /* Controllers */,
				FDF6C88D21545F63004A5D64 /* Extension */,
				FDAB61AB214B3A9800A1C01A /* Models */,
				FDF6C89121546AB9004A5D64 /* Network */,
				FDB51A4621531F030083A6EA /* Storyboard */,
				FDB51A4721531F0A0083A6EA /* SupportingFiles */,
				FDB51A4521531EFD0083A6EA /* Views */,
			);
			path = kdRemedio;
			sourceTree = "<group>";
		};
		FDAB6199214B2FD500A1C01A /* kdRemedioTests */ = {
			isa = PBXGroup;
			children = (
				FDAB619A214B2FD500A1C01A /* kdRemedioTests.swift */,
				FDAB619C214B2FD500A1C01A /* Info.plist */,
			);
			path = kdRemedioTests;
			sourceTree = "<group>";
		};
		FDAB61AB214B3A9800A1C01A /* Models */ = {
			isa = PBXGroup;
			children = (
				FDAB61B8214B444100A1C01A /* UBSManager.swift */,
				FDAB61B0214B3AA200A1C01A /* UBSList.swift */,
				FD341DB42157DC9100FEA928 /* UBSAnnotation.swift */,
				FDAB61AC214B3AA100A1C01A /* UBS.swift */,
				FDAB61AD214B3AA100A1C01A /* Coordinate.swift */,
				FDAB61AF214B3AA200A1C01A /* Links.swift */,
				FDAB61AE214B3AA100A1C01A /* Medicine.swift */,
				FDAB61B1214B3AA200A1C01A /* Link.swift */,
				FDB51A42215318D50083A6EA /* UbsMedicine.swift */,
				FDD99257218E6631004B7FF3 /* Historic.swift */,
			);
			path = Models;
			sourceTree = "<group>";
		};
		FDB51A4421531EE10083A6EA /* Controllers */ = {
			isa = PBXGroup;
			children = (
				FD1E529D218E6147009091D9 /* Home */,
				FDD99254218E61A9004B7FF3 /* MedicineSearch */,
				FDD99256218E6202004B7FF3 /* MedicineSelection */,
				FDD99255218E61BD004B7FF3 /* UBSSelection */,
				FD1E5296218E5B9B009091D9 /* Historic */,
				FD1E528F218E44F1009091D9 /* Reservation */,
			);
			path = Controllers;
			sourceTree = "<group>";
		};
		FDB51A4521531EFD0083A6EA /* Views */ = {
			isa = PBXGroup;
			children = (
				FDAB61BA214B45B700A1C01A /* UBSSelectionCell.swift */,
				FDB51A48215326C60083A6EA /* LoadingViewController.swift */,
			);
			path = Views;
			sourceTree = "<group>";
		};
		FDB51A4621531F030083A6EA /* Storyboard */ = {
			isa = PBXGroup;
			children = (
				FDAB6189214B2FD300A1C01A /* Main.storyboard */,
				FDAB618E214B2FD500A1C01A /* LaunchScreen.storyboard */,
			);
			path = Storyboard;
			sourceTree = "<group>";
		};
		FDB51A4721531F0A0083A6EA /* SupportingFiles */ = {
			isa = PBXGroup;
			children = (
				FD48055D215EF89E0062D0C8 /* .swiftlint.yml */,
				FDAB6185214B2FD300A1C01A /* AppDelegate.swift */,
				FDAB618C214B2FD500A1C01A /* Assets.xcassets */,
				FDAB61A7214B32AA00A1C01A /* Colors.xcassets */,
				FDB51A4A215327A30083A6EA /* healthtap_spinner.json */,
				FDAB6191214B2FD500A1C01A /* Info.plist */,
				FDAB61A9214B3A4F00A1C01A /* json.swift */,
				FD274B7B215DB1210086D96E /* R.generated.swift */,
				FDD9925B2190E091004B7FF3 /* PersonalDocumentManager.swift */,
			);
			path = SupportingFiles;
			sourceTree = "<group>";
		};
		FDD99254218E61A9004B7FF3 /* MedicineSearch */ = {
			isa = PBXGroup;
			children = (
				FDAB61A5214B313400A1C01A /* MedicineSearchTableViewController.swift */,
			);
			path = MedicineSearch;
			sourceTree = "<group>";
		};
		FDD99255218E61BD004B7FF3 /* UBSSelection */ = {
			isa = PBXGroup;
			children = (
				FD341DB22157D37600FEA928 /* UBSSelectionTableViewController.swift */,
			);
			path = UBSSelection;
			sourceTree = "<group>";
		};
		FDD99256218E6202004B7FF3 /* MedicineSelection */ = {
			isa = PBXGroup;
			children = (
				FDAB61BC214EB94800A1C01A /* UBSMedicineSelectionTableViewController.swift */,
			);
			path = MedicineSelection;
			sourceTree = "<group>";
		};
		FDF6C88D21545F63004A5D64 /* Extension */ = {
			isa = PBXGroup;
			children = (
				FDF6C88E21545F74004A5D64 /* Notification.swift */,
			);
			path = Extension;
			sourceTree = "<group>";
		};
		FDF6C89121546AB9004A5D64 /* Network */ = {
			isa = PBXGroup;
			children = (
				FDF6C89221546AC5004A5D64 /* APIClient.swift */,
			);
			path = Network;
			sourceTree = "<group>";
		};
/* End PBXGroup section */

/* Begin PBXNativeTarget section */
		FDAB6181214B2FD300A1C01A /* kdRemedio */ = {
			isa = PBXNativeTarget;
			buildConfigurationList = FDAB619F214B2FD500A1C01A /* Build configuration list for PBXNativeTarget "kdRemedio" */;
			buildPhases = (
				246119908FF18FED36848E69 /* [CP] Check Pods Manifest.lock */,
				FD274B7A215DB0850086D96E /* ShellScript */,
				FDAB617E214B2FD300A1C01A /* Sources */,
				FDAB617F214B2FD300A1C01A /* Frameworks */,
				FDAB6180214B2FD300A1C01A /* Resources */,
				171D81B487EF16BBD5BB0C29 /* [CP] Embed Pods Frameworks */,
			);
			buildRules = (
			);
			dependencies = (
			);
			name = kdRemedio;
			productName = kdRemedio;
			productReference = FDAB6182214B2FD300A1C01A /* kdRemedio.app */;
			productType = "com.apple.product-type.application";
		};
		FDAB6195214B2FD500A1C01A /* kdRemedioTests */ = {
			isa = PBXNativeTarget;
			buildConfigurationList = FDAB61A2214B2FD500A1C01A /* Build configuration list for PBXNativeTarget "kdRemedioTests" */;
			buildPhases = (
				F507D275F9D3F22021391E81 /* [CP] Check Pods Manifest.lock */,
				FDAB6192214B2FD500A1C01A /* Sources */,
				FDAB6193214B2FD500A1C01A /* Frameworks */,
				FDAB6194214B2FD500A1C01A /* Resources */,
			);
			buildRules = (
			);
			dependencies = (
				FDAB6198214B2FD500A1C01A /* PBXTargetDependency */,
			);
			name = kdRemedioTests;
			productName = kdRemedioTests;
			productReference = FDAB6196214B2FD500A1C01A /* kdRemedioTests.xctest */;
			productType = "com.apple.product-type.bundle.unit-test";
		};
/* End PBXNativeTarget section */

/* Begin PBXProject section */
		FDAB617A214B2FD300A1C01A /* Project object */ = {
			isa = PBXProject;
			attributes = {
				LastSwiftUpdateCheck = 0940;
				LastUpgradeCheck = 0940;
				ORGANIZATIONNAME = callidus;
				TargetAttributes = {
					FDAB6181214B2FD300A1C01A = {
						CreatedOnToolsVersion = 9.4.1;
						LastSwiftMigration = 1000;
					};
					FDAB6195214B2FD500A1C01A = {
						CreatedOnToolsVersion = 9.4.1;
						LastSwiftMigration = 1000;
						TestTargetID = FDAB6181214B2FD300A1C01A;
					};
				};
			};
			buildConfigurationList = FDAB617D214B2FD300A1C01A /* Build configuration list for PBXProject "kdRemedio" */;
			compatibilityVersion = "Xcode 9.3";
			developmentRegion = en;
			hasScannedForEncodings = 0;
			knownRegions = (
				en,
				Base,
			);
			mainGroup = FDAB6179214B2FD300A1C01A;
			productRefGroup = FDAB6183214B2FD300A1C01A /* Products */;
			projectDirPath = "";
			projectRoot = "";
			targets = (
				FDAB6181214B2FD300A1C01A /* kdRemedio */,
				FDAB6195214B2FD500A1C01A /* kdRemedioTests */,
			);
		};
/* End PBXProject section */

/* Begin PBXResourcesBuildPhase section */
		FDAB6180214B2FD300A1C01A /* Resources */ = {
			isa = PBXResourcesBuildPhase;
			buildActionMask = 2147483647;
			files = (
				FD48055E215EF89E0062D0C8 /* .swiftlint.yml in Resources */,
				FDAB6190214B2FD500A1C01A /* LaunchScreen.storyboard in Resources */,
				FDAB61A8214B32AA00A1C01A /* Colors.xcassets in Resources */,
				FDAB618D214B2FD500A1C01A /* Assets.xcassets in Resources */,
				FDAB618B214B2FD300A1C01A /* Main.storyboard in Resources */,
				FDB51A4B215327A30083A6EA /* healthtap_spinner.json in Resources */,
			);
			runOnlyForDeploymentPostprocessing = 0;
		};
		FDAB6194214B2FD500A1C01A /* Resources */ = {
			isa = PBXResourcesBuildPhase;
			buildActionMask = 2147483647;
			files = (
			);
			runOnlyForDeploymentPostprocessing = 0;
		};
/* End PBXResourcesBuildPhase section */

/* Begin PBXShellScriptBuildPhase section */
		171D81B487EF16BBD5BB0C29 /* [CP] Embed Pods Frameworks */ = {
			isa = PBXShellScriptBuildPhase;
			buildActionMask = 2147483647;
			files = (
			);
			inputPaths = (
				"${SRCROOT}/Pods/Target Support Files/Pods-kdRemedio/Pods-kdRemedio-frameworks.sh",
				"${BUILT_PRODUCTS_DIR}/Alamofire/Alamofire.framework",
				"${BUILT_PRODUCTS_DIR}/PromiseKit/PromiseKit.framework",
				"${BUILT_PRODUCTS_DIR}/R.swift.Library/Rswift.framework",
				"${BUILT_PRODUCTS_DIR}/lottie-ios/Lottie.framework",
			);
			name = "[CP] Embed Pods Frameworks";
			outputPaths = (
				"${TARGET_BUILD_DIR}/${FRAMEWORKS_FOLDER_PATH}/Alamofire.framework",
				"${TARGET_BUILD_DIR}/${FRAMEWORKS_FOLDER_PATH}/PromiseKit.framework",
				"${TARGET_BUILD_DIR}/${FRAMEWORKS_FOLDER_PATH}/Rswift.framework",
				"${TARGET_BUILD_DIR}/${FRAMEWORKS_FOLDER_PATH}/Lottie.framework",
			);
			runOnlyForDeploymentPostprocessing = 0;
			shellPath = /bin/sh;
			shellScript = "\"${SRCROOT}/Pods/Target Support Files/Pods-kdRemedio/Pods-kdRemedio-frameworks.sh\"\n";
			showEnvVarsInLog = 0;
		};
		246119908FF18FED36848E69 /* [CP] Check Pods Manifest.lock */ = {
			isa = PBXShellScriptBuildPhase;
			buildActionMask = 2147483647;
			files = (
			);
			inputPaths = (
				"${PODS_PODFILE_DIR_PATH}/Podfile.lock",
				"${PODS_ROOT}/Manifest.lock",
			);
			name = "[CP] Check Pods Manifest.lock";
			outputPaths = (
				"$(DERIVED_FILE_DIR)/Pods-kdRemedio-checkManifestLockResult.txt",
			);
			runOnlyForDeploymentPostprocessing = 0;
			shellPath = /bin/sh;
			shellScript = "diff \"${PODS_PODFILE_DIR_PATH}/Podfile.lock\" \"${PODS_ROOT}/Manifest.lock\" > /dev/null\nif [ $? != 0 ] ; then\n    # print error to STDERR\n    echo \"error: The sandbox is not in sync with the Podfile.lock. Run 'pod install' or update your CocoaPods installation.\" >&2\n    exit 1\nfi\n# This output is used by Xcode 'outputs' to avoid re-running this script phase.\necho \"SUCCESS\" > \"${SCRIPT_OUTPUT_FILE_0}\"\n";
			showEnvVarsInLog = 0;
		};
		F507D275F9D3F22021391E81 /* [CP] Check Pods Manifest.lock */ = {
			isa = PBXShellScriptBuildPhase;
			buildActionMask = 2147483647;
			files = (
			);
			inputPaths = (
				"${PODS_PODFILE_DIR_PATH}/Podfile.lock",
				"${PODS_ROOT}/Manifest.lock",
			);
			name = "[CP] Check Pods Manifest.lock";
			outputPaths = (
				"$(DERIVED_FILE_DIR)/Pods-kdRemedioTests-checkManifestLockResult.txt",
			);
			runOnlyForDeploymentPostprocessing = 0;
			shellPath = /bin/sh;
			shellScript = "diff \"${PODS_PODFILE_DIR_PATH}/Podfile.lock\" \"${PODS_ROOT}/Manifest.lock\" > /dev/null\nif [ $? != 0 ] ; then\n    # print error to STDERR\n    echo \"error: The sandbox is not in sync with the Podfile.lock. Run 'pod install' or update your CocoaPods installation.\" >&2\n    exit 1\nfi\n# This output is used by Xcode 'outputs' to avoid re-running this script phase.\necho \"SUCCESS\" > \"${SCRIPT_OUTPUT_FILE_0}\"\n";
			showEnvVarsInLog = 0;
		};
		FD274B7A215DB0850086D96E /* ShellScript */ = {
			isa = PBXShellScriptBuildPhase;
			buildActionMask = 2147483647;
			files = (
			);
			inputPaths = (
			);
			outputPaths = (
			);
			runOnlyForDeploymentPostprocessing = 0;
			shellPath = /bin/sh;
			shellScript = "\"$PODS_ROOT/R.swift/rswift\" generate \"$SRCROOT\"\n\"${PODS_ROOT}/SwiftLint/swiftlint\" --config kdRemedio/SupportingFiles/.swiftlint.yml\n\n";
		};
/* End PBXShellScriptBuildPhase section */

/* Begin PBXSourcesBuildPhase section */
		FDAB617E214B2FD300A1C01A /* Sources */ = {
			isa = PBXSourcesBuildPhase;
			buildActionMask = 2147483647;
			files = (
				FD1E529A218E5D44009091D9 /* HistoricPresenter.swift in Sources */,
				FDF6C89321546AC5004A5D64 /* APIClient.swift in Sources */,
				FDA7E8552159C18100BBA355 /* ReservationViewController.swift in Sources */,
				FD1E52A3218E6147009091D9 /* HomeMapViewController+MKMapViewDelegate.swift in Sources */,
				FDAB6186214B2FD300A1C01A /* AppDelegate.swift in Sources */,
				FDB51A49215326C60083A6EA /* LoadingViewController.swift in Sources */,
				FDD99258218E6631004B7FF3 /* Historic.swift in Sources */,
				FDAB61B6214B3AA200A1C01A /* UBSList.swift in Sources */,
				FDF6C88F21545F74004A5D64 /* Notification.swift in Sources */,
				FDD9925A218E6B63004B7FF3 /* HistoricTableViewController+HistoricPresentable.swift in Sources */,
				FDAB61A6214B313400A1C01A /* MedicineSearchTableViewController.swift in Sources */,
				FDAB61B4214B3AA200A1C01A /* Medicine.swift in Sources */,
				FD274B7C215DB1210086D96E /* R.generated.swift in Sources */,
				FD1E52A4218E6147009091D9 /* HomeMapViewPresenter.swift in Sources */,
				FDAB61AA214B3A4F00A1C01A /* json.swift in Sources */,
				FDAB61BB214B45B700A1C01A /* UBSSelectionCell.swift in Sources */,
				FD1E52A2218E6147009091D9 /* HomeMapViewController.swift in Sources */,
				FDAB61B9214B444100A1C01A /* UBSManager.swift in Sources */,
				FDD9925C2190E091004B7FF3 /* PersonalDocumentManager.swift in Sources */,
				FD341DB52157DC9100FEA928 /* UBSAnnotation.swift in Sources */,
				FDB51A43215318D50083A6EA /* UbsMedicine.swift in Sources */,
				FD1E5291218E454C009091D9 /* ReservationPresenter.swift in Sources */,
				FD1E52A5218E6147009091D9 /* HomeMapViewController+HomeMapViewPresentable.swift in Sources */,
				FDAB61B2214B3AA200A1C01A /* UBS.swift in Sources */,
				FDAB61BD214EB94800A1C01A /* UBSMedicineSelectionTableViewController.swift in Sources */,
				FDAB61B3214B3AA200A1C01A /* Coordinate.swift in Sources */,
				FD341DB32157D37600FEA928 /* UBSSelectionTableViewController.swift in Sources */,
				FDAB61B7214B3AA200A1C01A /* Link.swift in Sources */,
				FD1E5298218E5BD8009091D9 /* HistoricTableViewController.swift in Sources */,
				FDAB61B5214B3AA200A1C01A /* Links.swift in Sources */,
			);
			runOnlyForDeploymentPostprocessing = 0;
		};
		FDAB6192214B2FD500A1C01A /* Sources */ = {
			isa = PBXSourcesBuildPhase;
			buildActionMask = 2147483647;
			files = (
				FDAB619B214B2FD500A1C01A /* kdRemedioTests.swift in Sources */,
			);
			runOnlyForDeploymentPostprocessing = 0;
		};
/* End PBXSourcesBuildPhase section */

/* Begin PBXTargetDependency section */
		FDAB6198214B2FD500A1C01A /* PBXTargetDependency */ = {
			isa = PBXTargetDependency;
			target = FDAB6181214B2FD300A1C01A /* kdRemedio */;
			targetProxy = FDAB6197214B2FD500A1C01A /* PBXContainerItemProxy */;
		};
/* End PBXTargetDependency section */

/* Begin PBXVariantGroup section */
		FDAB6189214B2FD300A1C01A /* Main.storyboard */ = {
			isa = PBXVariantGroup;
			children = (
				FDAB618A214B2FD300A1C01A /* Base */,
			);
			name = Main.storyboard;
			sourceTree = "<group>";
		};
		FDAB618E214B2FD500A1C01A /* LaunchScreen.storyboard */ = {
			isa = PBXVariantGroup;
			children = (
				FDAB618F214B2FD500A1C01A /* Base */,
			);
			name = LaunchScreen.storyboard;
			sourceTree = "<group>";
		};
/* End PBXVariantGroup section */

/* Begin XCBuildConfiguration section */
		FDAB619D214B2FD500A1C01A /* Debug */ = {
			isa = XCBuildConfiguration;
			buildSettings = {
				ALWAYS_SEARCH_USER_PATHS = NO;
				CLANG_ANALYZER_NONNULL = YES;
				CLANG_ANALYZER_NUMBER_OBJECT_CONVERSION = YES_AGGRESSIVE;
				CLANG_CXX_LANGUAGE_STANDARD = "gnu++14";
				CLANG_CXX_LIBRARY = "libc++";
				CLANG_ENABLE_MODULES = YES;
				CLANG_ENABLE_OBJC_ARC = YES;
				CLANG_ENABLE_OBJC_WEAK = YES;
				CLANG_WARN_BLOCK_CAPTURE_AUTORELEASING = YES;
				CLANG_WARN_BOOL_CONVERSION = YES;
				CLANG_WARN_COMMA = YES;
				CLANG_WARN_CONSTANT_CONVERSION = YES;
				CLANG_WARN_DEPRECATED_OBJC_IMPLEMENTATIONS = YES;
				CLANG_WARN_DIRECT_OBJC_ISA_USAGE = YES_ERROR;
				CLANG_WARN_DOCUMENTATION_COMMENTS = YES;
				CLANG_WARN_EMPTY_BODY = YES;
				CLANG_WARN_ENUM_CONVERSION = YES;
				CLANG_WARN_INFINITE_RECURSION = YES;
				CLANG_WARN_INT_CONVERSION = YES;
				CLANG_WARN_NON_LITERAL_NULL_CONVERSION = YES;
				CLANG_WARN_OBJC_IMPLICIT_RETAIN_SELF = YES;
				CLANG_WARN_OBJC_LITERAL_CONVERSION = YES;
				CLANG_WARN_OBJC_ROOT_CLASS = YES_ERROR;
				CLANG_WARN_RANGE_LOOP_ANALYSIS = YES;
				CLANG_WARN_STRICT_PROTOTYPES = YES;
				CLANG_WARN_SUSPICIOUS_MOVE = YES;
				CLANG_WARN_UNGUARDED_AVAILABILITY = YES_AGGRESSIVE;
				CLANG_WARN_UNREACHABLE_CODE = YES;
				CLANG_WARN__DUPLICATE_METHOD_MATCH = YES;
				CODE_SIGN_IDENTITY = "iPhone Developer";
				COPY_PHASE_STRIP = NO;
				DEBUG_INFORMATION_FORMAT = dwarf;
				ENABLE_STRICT_OBJC_MSGSEND = YES;
				ENABLE_TESTABILITY = YES;
				GCC_C_LANGUAGE_STANDARD = gnu11;
				GCC_DYNAMIC_NO_PIC = NO;
				GCC_NO_COMMON_BLOCKS = YES;
				GCC_OPTIMIZATION_LEVEL = 0;
				GCC_PREPROCESSOR_DEFINITIONS = (
					"DEBUG=1",
					"$(inherited)",
				);
				GCC_WARN_64_TO_32_BIT_CONVERSION = YES;
				GCC_WARN_ABOUT_RETURN_TYPE = YES_ERROR;
				GCC_WARN_UNDECLARED_SELECTOR = YES;
				GCC_WARN_UNINITIALIZED_AUTOS = YES_AGGRESSIVE;
				GCC_WARN_UNUSED_FUNCTION = YES;
				GCC_WARN_UNUSED_VARIABLE = YES;
				IPHONEOS_DEPLOYMENT_TARGET = 11.4;
				MTL_ENABLE_DEBUG_INFO = YES;
				ONLY_ACTIVE_ARCH = YES;
				SDKROOT = iphoneos;
				SWIFT_ACTIVE_COMPILATION_CONDITIONS = DEBUG;
				SWIFT_OPTIMIZATION_LEVEL = "-Onone";
			};
			name = Debug;
		};
		FDAB619E214B2FD500A1C01A /* Release */ = {
			isa = XCBuildConfiguration;
			buildSettings = {
				ALWAYS_SEARCH_USER_PATHS = NO;
				CLANG_ANALYZER_NONNULL = YES;
				CLANG_ANALYZER_NUMBER_OBJECT_CONVERSION = YES_AGGRESSIVE;
				CLANG_CXX_LANGUAGE_STANDARD = "gnu++14";
				CLANG_CXX_LIBRARY = "libc++";
				CLANG_ENABLE_MODULES = YES;
				CLANG_ENABLE_OBJC_ARC = YES;
				CLANG_ENABLE_OBJC_WEAK = YES;
				CLANG_WARN_BLOCK_CAPTURE_AUTORELEASING = YES;
				CLANG_WARN_BOOL_CONVERSION = YES;
				CLANG_WARN_COMMA = YES;
				CLANG_WARN_CONSTANT_CONVERSION = YES;
				CLANG_WARN_DEPRECATED_OBJC_IMPLEMENTATIONS = YES;
				CLANG_WARN_DIRECT_OBJC_ISA_USAGE = YES_ERROR;
				CLANG_WARN_DOCUMENTATION_COMMENTS = YES;
				CLANG_WARN_EMPTY_BODY = YES;
				CLANG_WARN_ENUM_CONVERSION = YES;
				CLANG_WARN_INFINITE_RECURSION = YES;
				CLANG_WARN_INT_CONVERSION = YES;
				CLANG_WARN_NON_LITERAL_NULL_CONVERSION = YES;
				CLANG_WARN_OBJC_IMPLICIT_RETAIN_SELF = YES;
				CLANG_WARN_OBJC_LITERAL_CONVERSION = YES;
				CLANG_WARN_OBJC_ROOT_CLASS = YES_ERROR;
				CLANG_WARN_RANGE_LOOP_ANALYSIS = YES;
				CLANG_WARN_STRICT_PROTOTYPES = YES;
				CLANG_WARN_SUSPICIOUS_MOVE = YES;
				CLANG_WARN_UNGUARDED_AVAILABILITY = YES_AGGRESSIVE;
				CLANG_WARN_UNREACHABLE_CODE = YES;
				CLANG_WARN__DUPLICATE_METHOD_MATCH = YES;
				CODE_SIGN_IDENTITY = "iPhone Developer";
				COPY_PHASE_STRIP = NO;
				DEBUG_INFORMATION_FORMAT = "dwarf-with-dsym";
				ENABLE_NS_ASSERTIONS = NO;
				ENABLE_STRICT_OBJC_MSGSEND = YES;
				GCC_C_LANGUAGE_STANDARD = gnu11;
				GCC_NO_COMMON_BLOCKS = YES;
				GCC_WARN_64_TO_32_BIT_CONVERSION = YES;
				GCC_WARN_ABOUT_RETURN_TYPE = YES_ERROR;
				GCC_WARN_UNDECLARED_SELECTOR = YES;
				GCC_WARN_UNINITIALIZED_AUTOS = YES_AGGRESSIVE;
				GCC_WARN_UNUSED_FUNCTION = YES;
				GCC_WARN_UNUSED_VARIABLE = YES;
				IPHONEOS_DEPLOYMENT_TARGET = 11.4;
				MTL_ENABLE_DEBUG_INFO = NO;
				SDKROOT = iphoneos;
				SWIFT_COMPILATION_MODE = wholemodule;
				SWIFT_OPTIMIZATION_LEVEL = "-O";
				VALIDATE_PRODUCT = YES;
			};
			name = Release;
		};
		FDAB61A0214B2FD500A1C01A /* Debug */ = {
			isa = XCBuildConfiguration;
			baseConfigurationReference = 42B3A9E1D5078771ED4D794D /* Pods-kdRemedio.debug.xcconfig */;
			buildSettings = {
				ASSETCATALOG_COMPILER_APPICON_NAME = AppIcon;
				CODE_SIGN_STYLE = Automatic;
				DEVELOPMENT_TEAM = LMS2232J28;
				INFOPLIST_FILE = "$(SRCROOT)/kdRemedio/SupportingFiles/Info.plist";
				LD_RUNPATH_SEARCH_PATHS = (
					"$(inherited)",
					"@executable_path/Frameworks",
				);
				PRODUCT_BUNDLE_IDENTIFIER = callidus.kdRemedio2;
				PRODUCT_NAME = "$(TARGET_NAME)";
				SWIFT_VERSION = 4.2;
				TARGETED_DEVICE_FAMILY = 1;
			};
			name = Debug;
		};
		FDAB61A1214B2FD500A1C01A /* Release */ = {
			isa = XCBuildConfiguration;
			baseConfigurationReference = EFCF7D6D320631B5659AFDED /* Pods-kdRemedio.release.xcconfig */;
			buildSettings = {
				ASSETCATALOG_COMPILER_APPICON_NAME = AppIcon;
				CODE_SIGN_STYLE = Automatic;
				DEVELOPMENT_TEAM = LMS2232J28;
				INFOPLIST_FILE = "$(SRCROOT)/kdRemedio/SupportingFiles/Info.plist";
				LD_RUNPATH_SEARCH_PATHS = (
					"$(inherited)",
					"@executable_path/Frameworks",
				);
				PRODUCT_BUNDLE_IDENTIFIER = callidus.kdRemedio2;
				PRODUCT_NAME = "$(TARGET_NAME)";
				SWIFT_VERSION = 4.2;
				TARGETED_DEVICE_FAMILY = 1;
			};
			name = Release;
		};
		FDAB61A3214B2FD500A1C01A /* Debug */ = {
			isa = XCBuildConfiguration;
			baseConfigurationReference = 5267B2EDBB645B111B7016C7 /* Pods-kdRemedioTests.debug.xcconfig */;
			buildSettings = {
				ALWAYS_EMBED_SWIFT_STANDARD_LIBRARIES = YES;
				BUNDLE_LOADER = "$(TEST_HOST)";
				CODE_SIGN_STYLE = Automatic;
				INFOPLIST_FILE = kdRemedioTests/Info.plist;
				LD_RUNPATH_SEARCH_PATHS = (
					"$(inherited)",
					"@executable_path/Frameworks",
					"@loader_path/Frameworks",
				);
				PRODUCT_BUNDLE_IDENTIFIER = callidus.kdRemedioTests;
				PRODUCT_NAME = "$(TARGET_NAME)";
				SWIFT_VERSION = 4.2;
				TARGETED_DEVICE_FAMILY = "1,2";
				TEST_HOST = "$(BUILT_PRODUCTS_DIR)/kdRemedio.app/kdRemedio";
			};
			name = Debug;
		};
		FDAB61A4214B2FD500A1C01A /* Release */ = {
			isa = XCBuildConfiguration;
			baseConfigurationReference = FE6B737F7A2DD56878F77E93 /* Pods-kdRemedioTests.release.xcconfig */;
			buildSettings = {
				ALWAYS_EMBED_SWIFT_STANDARD_LIBRARIES = YES;
				BUNDLE_LOADER = "$(TEST_HOST)";
				CODE_SIGN_STYLE = Automatic;
				INFOPLIST_FILE = kdRemedioTests/Info.plist;
				LD_RUNPATH_SEARCH_PATHS = (
					"$(inherited)",
					"@executable_path/Frameworks",
					"@loader_path/Frameworks",
				);
				PRODUCT_BUNDLE_IDENTIFIER = callidus.kdRemedioTests;
				PRODUCT_NAME = "$(TARGET_NAME)";
				SWIFT_VERSION = 4.2;
				TARGETED_DEVICE_FAMILY = "1,2";
				TEST_HOST = "$(BUILT_PRODUCTS_DIR)/kdRemedio.app/kdRemedio";
			};
			name = Release;
		};
/* End XCBuildConfiguration section */

/* Begin XCConfigurationList section */
		FDAB617D214B2FD300A1C01A /* Build configuration list for PBXProject "kdRemedio" */ = {
			isa = XCConfigurationList;
			buildConfigurations = (
				FDAB619D214B2FD500A1C01A /* Debug */,
				FDAB619E214B2FD500A1C01A /* Release */,
			);
			defaultConfigurationIsVisible = 0;
			defaultConfigurationName = Release;
		};
		FDAB619F214B2FD500A1C01A /* Build configuration list for PBXNativeTarget "kdRemedio" */ = {
			isa = XCConfigurationList;
			buildConfigurations = (
				FDAB61A0214B2FD500A1C01A /* Debug */,
				FDAB61A1214B2FD500A1C01A /* Release */,
			);
			defaultConfigurationIsVisible = 0;
			defaultConfigurationName = Release;
		};
		FDAB61A2214B2FD500A1C01A /* Build configuration list for PBXNativeTarget "kdRemedioTests" */ = {
			isa = XCConfigurationList;
			buildConfigurations = (
				FDAB61A3214B2FD500A1C01A /* Debug */,
				FDAB61A4214B2FD500A1C01A /* Release */,
			);
			defaultConfigurationIsVisible = 0;
			defaultConfigurationName = Release;
		};
/* End XCConfigurationList section */
	};
	rootObject = FDAB617A214B2FD300A1C01A /* Project object */;
}
