PODS:
  - Alamofire (4.7.3)
  - lottie-ios (2.5.0)
  - PromiseKit (6.4.0):
    - PromiseKit/CorePromise (= 6.4.0)
    - PromiseKit/Foundation (= 6.4.0)
    - PromiseKit/UIKit (= 6.4.0)
  - PromiseKit/Alamofire (6.4.0):
    - Alamofire (~> 4.0)
    - PromiseKit/CorePromise
  - PromiseKit/CoreLocation (6.4.0):
    - PromiseKit/CorePromise
  - PromiseKit/CorePromise (6.4.0)
  - PromiseKit/Foundation (6.4.0):
    - PromiseKit/CorePromise
  - PromiseKit/MapKit (6.4.0):
    - PromiseKit/CorePromise
  - PromiseKit/UIKit (6.4.0):
    - PromiseKit/CorePromise

DEPENDENCIES:
  - Alamofire
  - lottie-ios
  - PromiseKit
  - PromiseKit/Alamofire
  - PromiseKit/CoreLocation (~> 6.0)
  - PromiseKit/MapKit

SPEC REPOS:
  https://github.com/cocoapods/specs.git:
    - Alamofire
    - lottie-ios
    - PromiseKit

SPEC CHECKSUMS:
  Alamofire: c7287b6e5d7da964a70935e5db17046b7fde6568
  lottie-ios: d699fdee68d7b63e721d949388b015fef1aaa4ac
  PromiseKit: ae3616f45d7bb9bf4ff1e91abc9b7a8c48a340e0

PODFILE CHECKSUM: 82087efebf37a601cf8067320b22185ffec45e10

COCOAPODS: 1.5.3
